Microsoft Visual Studio Solution File, Format Version 12.00
# Visual Studio Version 17
VisualStudioVersion = 17.5.2.0
MinimumVisualStudioVersion = 10.0.40219.1
Project("{FAE04EC0-301F-11D3-BF4B-00C04F79EFBC}") = "FinancieraBackend", "FinancieraBackend.csproj", "{91A03FEB-803B-5B81-C070-7689C285907B}"
EndProject
Global
	GlobalSection(SolutionConfigurationPlatforms) = preSolution
		Debug|Any CPU = Debug|Any CPU
		Release|Any CPU = Release|Any CPU
	EndGlobalSection
	GlobalSection(ProjectConfigurationPlatforms) = postSolution
		{91A03FEB-803B-5B81-C070-7689C285907B}.Debug|Any CPU.ActiveCfg = Debug|Any CPU
		{91A03FEB-803B-5B81-C070-7689C285907B}.Debug|Any CPU.Build.0 = Debug|Any CPU
		{91A03FEB-803B-5B81-C070-7689C285907B}.Release|Any CPU.ActiveCfg = Release|Any CPU
		{91A03FEB-803B-5B81-C070-7689C285907B}.Release|Any CPU.Build.0 = Release|Any CPU
	EndGlobalSection
	GlobalSection(SolutionProperties) = preSolution
		HideSolutionNode = FALSE
	EndGlobalSection
	GlobalSection(ExtensibilityGlobals) = postSolution
		SolutionGuid = {54B60B50-E24B-415A-A776-8ED509A29A31}
	EndGlobalSection
EndGlobal
